# THIS IS AN AUTOGENERATED FILE. DO NOT EDIT THIS FILE DIRECTLY.
# yarn lockfile v1


"@klave/compiler@1.0.9":
  version "1.0.9"
  resolved "https://registry.yarnpkg.com/@klave/compiler/-/compiler-1.0.9.tgz#ea6e9f0ed677f831c4c0967f207d07d0568ae4e3"
  integrity sha512-CHsI6xQJgx3entC91eIc58cCIEbGNb5Dc2KtHvCevByiWtUHLzF1TDjtMItYBqSFIhotxDKxOvbFxEsYa6qiyg==
  dependencies:
    assemblyscript "^0.28.8"
    json-as "1.1.21"
    serialize-error "12.0.0"
    typescript "^5.9.3"
    uuid "^13.0.0"

"@klave/sdk@0.18.0":
  version "0.18.0"
  resolved "https://registry.yarnpkg.com/@klave/sdk/-/sdk-0.18.0.tgz#848aa9cfb1b5bb82c6191bfb5ac165739784b9a2"
  integrity sha512-H92mOYSmKOFVgcK8Gdccg44xNgdNzHCHIYV9HvUzzGti+TVrK1AjpIUZJXCMtctQZxhPJjAR/FnaecfNW8KpEQ==
  dependencies:
    "@klave/compiler" "1.0.9"
    as-base64 "0.2.0"
    chalk "^4.1.2"
    fs-extra "^11.3.2"
    json-as "1.1.21"
    path-complete-extname "1.0.0"
    zod "^4.1.11"

ansi-styles@^4.1.0:
  version "4.3.0"
  resolved "https://registry.yarnpkg.com/ansi-styles/-/ansi-styles-4.3.0.tgz#edd803628ae71c04c85ae7a0906edad34b648937"
  integrity sha512-zbB9rCJAT1rbjiVDb2hqKFHNYLxgtk8NURxZ3IZwD3F6NtxbXZQCnnSi1Lkx+IDohdPlFp222wVALIheZJQSEg==
  dependencies:
    color-convert "^2.0.1"

as-base64@0.2.0:
  version "0.2.0"
  resolved "https://registry.yarnpkg.com/as-base64/-/as-base64-0.2.0.tgz#b4bed937c93bfb6524b932b517e1b8571a0dd518"
  integrity sha512-j6JxprAVN4SXUcZiSChuMBf0JJOCdh5OfrHAepluxmFWuDZZm+YjmfNSk8djUHRPEB+Ui5HGvrz46GLvTJf3ig==

assemblyscript@0.28.8, assemblyscript@^0.28.8:
  version "0.28.8"
  resolved "https://registry.yarnpkg.com/assemblyscript/-/assemblyscript-0.28.8.tgz#b4d3b2b9558c9eb366a7b3e2e98edfa76642874d"
  integrity sha512-RtnvzuplmvWeOlYLgjb61jE/Uvj0LYxQ8KxfO+ARu2zOH69NNnS4gfSRDSq0CbM1qZw91kVd7QKmGZFxUlfQ8g==
  dependencies:
    binaryen "123.0.0-nightly.20250530"
    long "^5.2.4"

binaryen@123.0.0-nightly.20250530:
  version "123.0.0-nightly.20250530"
  resolved "https://registry.yarnpkg.com/binaryen/-/binaryen-123.0.0-nightly.20250530.tgz#f78aceafedb01df779a42a0ea7fa04043d45c19d"
  integrity sha512-d1zPHBN5YlOd3Ff+OUxvVExuFeh8heSnqe+X3bjItFxGLvn4VGBKmrvv7pgy/cRhrIUGuPW138iaWfDhwjyDqg==

chalk@^4.1.2:
  version "4.1.2"
  resolved "https://registry.yarnpkg.com/chalk/-/chalk-4.1.2.tgz#aac4e2b7734a740867aeb16bf02aad556a1e7a01"
  integrity sha512-oKnbhFyRIXpUuez8iBMmyEa4nbj4IOQyuhc/wy9kY7/WVPcwIO9VA668Pu8RkO7+0G76SLROeyw9CpQ061i4mA==
  dependencies:
    ansi-styles "^4.1.0"
    supports-color "^7.1.0"

color-convert@^2.0.1:
  version "2.0.1"
  resolved "https://registry.yarnpkg.com/color-convert/-/color-convert-2.0.1.tgz#72d3a68d598c9bdb3af2ad1e84f21d896abd4de3"
  integrity sha512-RRECPsj7iu/xb5oKYcsFHSppFNnsj/52OVTRKb4zP5onXwVF3zVmmToNcOfGC+CRDpfK/U584fMg38ZHCaElKQ==
  dependencies:
    color-name "~1.1.4"

color-name@~1.1.4:
  version "1.1.4"
  resolved "https://registry.yarnpkg.com/color-name/-/color-name-1.1.4.tgz#c2a09a87acbde69543de6f63fa3995c826c536a2"
  integrity sha512-dOy+3AuW3a2wNbZHIuMZpTcgjGuLU/uBL/ubcZF9OXbDo8ff4O8yVp5Bf0efS8uEoYo5q4Fx7dY9OgQGXgAsQA==

fs-extra@^11.3.2:
  version "11.3.2"
  resolved "https://registry.yarnpkg.com/fs-extra/-/fs-extra-11.3.2.tgz#c838aeddc6f4a8c74dd15f85e11fe5511bfe02a4"
  integrity sha512-Xr9F6z6up6Ws+NjzMCZc6WXg2YFRlrLP9NQDO3VQrWrfiojdhS56TzueT88ze0uBdCTwEIhQ3ptnmKeWGFAe0A==
  dependencies:
    graceful-fs "^4.2.0"
    jsonfile "^6.0.1"
    universalify "^2.0.0"

graceful-fs@^4.1.6, graceful-fs@^4.2.0:
  version "4.2.11"
  resolved "https://registry.yarnpkg.com/graceful-fs/-/graceful-fs-4.2.11.tgz#4183e4e8bf08bb6e05bbb2f7d2e0c8f712ca40e3"
  integrity sha512-RbJ5/jmFcNNCcDV5o9eTnBLJ/HszWV0P73bc+Ff4nS/rJj+YaS6IGyiOL0VoBYX+l1Wrl3k63h/KrH+nhJ0XvQ==

has-flag@^4.0.0:
  version "4.0.0"
  resolved "https://registry.yarnpkg.com/has-flag/-/has-flag-4.0.0.tgz#944771fd9c81c81265c4d6941860da06bb59479b"
  integrity sha512-EykJT/Q1KjTWctppgIAgfSO0tKVuZUjhgMr17kqTumMl6Afv3EISleU7qZUzoXDFTAHTDC4NOoG/ZxU3EvlMPQ==

json-as@1.1.21:
  version "1.1.21"
  resolved "https://registry.yarnpkg.com/json-as/-/json-as-1.1.21.tgz#3f4de781915c049ebec1f8ca761bbf95d0446381"
  integrity sha512-4WlxVqLY6sZHqGyFiKE+ulmbnxhiBlOPXb2KELjNpj1LXh0ZYhaPJq7Ml2Jnt2E5Zmn6AXPmyerdkR0w9GbXRg==

jsonfile@^6.0.1:
  version "6.1.0"
  resolved "https://registry.yarnpkg.com/jsonfile/-/jsonfile-6.1.0.tgz#bc55b2634793c679ec6403094eb13698a6ec0aae"
  integrity sha512-5dgndWOriYSm5cnYaJNhalLNDKOqFwyDB/rr1E9ZsGciGvKPs8R2xYGCacuf3z6K1YKDz182fd+fY3cn3pMqXQ==
  dependencies:
    universalify "^2.0.0"
  optionalDependencies:
    graceful-fs "^4.1.6"

lodash.clonedeep@^4.5.0:
  version "4.5.0"
  resolved "https://registry.yarnpkg.com/lodash.clonedeep/-/lodash.clonedeep-4.5.0.tgz#e23f3f9c4f8fbdde872529c1071857a086e5ccef"
  integrity sha512-H5ZhCF25riFd9uB5UCkVKo61m3S/xZk1x4wA6yp/L3RFP6Z/eHH1ymQcGLo7J3GMPfm0V/7m1tryHuGVxpqEBQ==

long@^5.2.4:
  version "5.3.2"
  resolved "https://registry.yarnpkg.com/long/-/long-5.3.2.tgz#1d84463095999262d7d7b7f8bfd4a8cc55167f83"
  integrity sha512-mNAgZ1GmyNhD7AuqnTG3/VQ26o760+ZYBPKjPvugO8+nLbYfX6TVpJPseBvopbdY+qpZ/lKUnmEc1LeZYS3QAA==

path-complete-extname@1.0.0:
  version "1.0.0"
  resolved "https://registry.yarnpkg.com/path-complete-extname/-/path-complete-extname-1.0.0.tgz#f889985dc91000c815515c0bfed06c5acda0752b"
  integrity sha512-CVjiWcMRdGU8ubs08YQVzhutOR5DEfO97ipRIlOGMK5Bek5nQySknBpuxVAVJ36hseTNs+vdIcv57ZrWxH7zvg==

serialize-error@12.0.0:
  version "12.0.0"
  resolved "https://registry.yarnpkg.com/serialize-error/-/serialize-error-12.0.0.tgz#aed3d5abff192c855707513929bf8bf48d712194"
  integrity sha512-ZYkZLAvKTKQXWuh5XpBw7CdbSzagarX39WyZ2H07CDLC5/KfsRGlIXV8d4+tfqX1M7916mRqR1QfNHSij+c9Pw==
  dependencies:
    type-fest "^4.31.0"

supports-color@^7.1.0:
  version "7.2.0"
  resolved "https://registry.yarnpkg.com/supports-color/-/supports-color-7.2.0.tgz#1b7dcdcb32b8138801b3e478ba6a51caa89648da"
  integrity sha512-qpCAvRl9stuOHveKsn7HncJRvv501qIacKzQlO/+Lwxc9+0q2wLyv4Dfvt80/DPn2pqOBsJdDiogXGR9+OvwRw==
  dependencies:
    has-flag "^4.0.0"

ts-mixer@^6.0.2:
  version "6.0.4"
  resolved "https://registry.yarnpkg.com/ts-mixer/-/ts-mixer-6.0.4.tgz#1da39ceabc09d947a82140d9f09db0f84919ca28"
  integrity sha512-ufKpbmrugz5Aou4wcr5Wc1UUFWOLhq+Fm6qa6P0w0K5Qw2yhaUoiWszhCVuNQyNwrlGiscHOmqYoAox1PtvgjA==

tslib@^2.6.2:
  version "2.6.2"
  resolved "https://registry.yarnpkg.com/tslib/-/tslib-2.6.2.tgz#703ac29425e7b37cd6fd456e92404d46d1f3e4ae"
  integrity sha512-AEYxH93jGFPn/a2iVAwW87VuUIkR1FVUKB77NwMF7nBTDkDrrT/Hpt/IrCJ0QXhW27jTBDcf5ZY7w6RiqTMw2Q==

type-fest@^4.31.0:
  version "4.41.0"
  resolved "https://registry.yarnpkg.com/type-fest/-/type-fest-4.41.0.tgz#6ae1c8e5731273c2bf1f58ad39cbae2c91a46c58"
  integrity sha512-TeTSQ6H5YHvpqVwBRcnLDCBnDOHWYu7IvGbHT6N8AOymcr9PJGjc1GTtiWZTYg0NCgYwvnYWEkVChQAr9bjfwA==

typescript@^5.9.3:
  version "5.9.3"
  resolved "https://registry.yarnpkg.com/typescript/-/typescript-5.9.3.tgz#5b4f59e15310ab17a216f5d6cf53ee476ede670f"
  integrity sha512-jl1vZzPDinLr9eUt3J/t7V6FgNEw9QjvBPdysz9KfQDD41fQrC2Y4vKQdiaUpFT4bXlb1RHhLpp8wtm6M5TgSw==

universalify@^2.0.0:
  version "2.0.1"
  resolved "https://registry.yarnpkg.com/universalify/-/universalify-2.0.1.tgz#168efc2180964e6386d061e094df61afe239b18d"
  integrity sha512-gptHNQghINnc/vTGIk0SOFGFNXw7JVrlRUtConJRlvaw6DuX0wO5Jeko9sWrMBhh+PsYAZ7oXAiOnf/UKogyiw==

uuid@^13.0.0:
  version "13.0.0"
  resolved "https://registry.yarnpkg.com/uuid/-/uuid-13.0.0.tgz#263dc341b19b4d755eb8fe36b78d95a6b65707e8"
  integrity sha512-XQegIaBTVUjSHliKqcnFqYypAd4S+WCYt5NIeRs6w/UAry7z8Y9j5ZwRRL4kzq9U3sD6v+85er9FvkEaBpji2w==

visitor-as@^0.11.4:
  version "0.11.4"
  resolved "https://registry.yarnpkg.com/visitor-as/-/visitor-as-0.11.4.tgz#7b2d7b7ac8be86d4741796aa0630af5e471a4744"
  integrity sha512-uih7AooY2V3LhzobjLqyEQzhYYBGeq0y/rZk295foM1Ko498f24NNXBDyM1SgzcLMFCAT/fpmSRco1BpTIdKNQ==
  dependencies:
    lodash.clonedeep "^4.5.0"
    ts-mixer "^6.0.2"

zod@4.1.12, zod@^4.1.11:
  version "4.1.12"
  resolved "https://registry.yarnpkg.com/zod/-/zod-4.1.12.tgz#64f1ea53d00eab91853195653b5af9eee68970f0"
  integrity sha512-JInaHOamG8pt5+Ey8kGmdcAcg3OL9reK8ltczgHTAwNhMys/6ThXHityHxVV2p3fkw/c+MAvBHFVYHFZDmjMCQ==
